// !$*UTF8*$!
{
	archiveVersion = 1;
	classes = {
	};
	objectVersion = 56;
	objects = {

/* Begin PBXBuildFile section */
		47EB73042A93BEBB006E879E /* Assets.xcassets in Resources */ = {isa = PBXBuildFile; fileRef = 47EB73032A93BEBB006E879E /* Assets.xcassets */; };
		47EB73072A93BEBB006E879E /* LaunchScreen.storyboard in Resources */ = {isa = PBXBuildFile; fileRef = 47EB73052A93BEBB006E879E /* LaunchScreen.storyboard */; };
		47EB73222A93C85B006E879E /* SceneDelegate.swift in Sources */ = {isa = PBXBuildFile; fileRef = 47EB73212A93C85B006E879E /* SceneDelegate.swift */; };
		47EB73242A93C87A006E879E /* AppDelegate.swift in Sources */ = {isa = PBXBuildFile; fileRef = 47EB73232A93C87A006E879E /* AppDelegate.swift */; };
		47EB732A2A93C97E006E879E /* LayoutBuilder.swift in Sources */ = {isa = PBXBuildFile; fileRef = 47EB73252A93C97E006E879E /* LayoutBuilder.swift */; };
		47EB732C2A93C97E006E879E /* CustomCell.swift in Sources */ = {isa = PBXBuildFile; fileRef = 47EB73272A93C97E006E879E /* CustomCell.swift */; };
		47EB732D2A93C97E006E879E /* CustomSupplementaryView.swift in Sources */ = {isa = PBXBuildFile; fileRef = 47EB73282A93C97E006E879E /* CustomSupplementaryView.swift */; };
		47EB732E2A93C97E006E879E /* CustomSectionDecorationView.swift in Sources */ = {isa = PBXBuildFile; fileRef = 47EB73292A93C97E006E879E /* CustomSectionDecorationView.swift */; };
		47EB73342A93FCE5006E879E /* ViewController.swift in Sources */ = {isa = PBXBuildFile; fileRef = 47EB73332A93FCE5006E879E /* ViewController.swift */; };
/* End PBXBuildFile section */

/* Begin PBXFileReference section */
		47EB72F72A93BEB9006E879E /* Layout-Studio-App.app */ = {isa = PBXFileReference; explicitFileType = wrapper.application; includeInIndex = 0; name = "Layout-Studio-App.app"; path = "Layout Studio App.app"; sourceTree = BUILT_PRODUCTS_DIR; };
		47EB73032A93BEBB006E879E /* Assets.xcassets */ = {isa = PBXFileReference; lastKnownFileType = folder.assetcatalog; path = Assets.xcassets; sourceTree = "<group>"; };
		47EB73062A93BEBB006E879E /* Base */ = {isa = PBXFileReference; lastKnownFileType = file.storyboard; name = Base; path = Base.lproj/LaunchScreen.storyboard; sourceTree = "<group>"; };
		47EB73082A93BEBB006E879E /* Info.plist */ = {isa = PBXFileReference; lastKnownFileType = text.plist.xml; path = Info.plist; sourceTree = "<group>"; };
		47EB73212A93C85B006E879E /* SceneDelegate.swift */ = {isa = PBXFileReference; lastKnownFileType = sourcecode.swift; path = SceneDelegate.swift; sourceTree = "<group>"; };
		47EB73232A93C87A006E879E /* AppDelegate.swift */ = {isa = PBXFileReference; lastKnownFileType = sourcecode.swift; path = AppDelegate.swift; sourceTree = "<group>"; };
		47EB73252A93C97E006E879E /* LayoutBuilder.swift */ = {isa = PBXFileReference; fileEncoding = 4; lastKnownFileType = sourcecode.swift; path = LayoutBuilder.swift; sourceTree = "<group>"; };
		47EB73272A93C97E006E879E /* CustomCell.swift */ = {isa = PBXFileReference; fileEncoding = 4; lastKnownFileType = sourcecode.swift; path = CustomCell.swift; sourceTree = "<group>"; };
		47EB73282A93C97E006E879E /* CustomSupplementaryView.swift */ = {isa = PBXFileReference; fileEncoding = 4; lastKnownFileType = sourcecode.swift; path = CustomSupplementaryView.swift; sourceTree = "<group>"; };
		47EB73292A93C97E006E879E /* CustomSectionDecorationView.swift */ = {isa = PBXFileReference; fileEncoding = 4; lastKnownFileType = sourcecode.swift; path = CustomSectionDecorationView.swift; sourceTree = "<group>"; };
		47EB73332A93FCE5006E879E /* ViewController.swift */ = {isa = PBXFileReference; lastKnownFileType = sourcecode.swift; path = ViewController.swift; sourceTree = "<group>"; };
/* End PBXFileReference section */

/* Begin PBXFrameworksBuildPhase section */
		47EB72F42A93BEB9006E879E /* Frameworks */ = {
			isa = PBXFrameworksBuildPhase;
			buildActionMask = 2147483647;
			files = (
			);
			runOnlyForDeploymentPostprocessing = 0;
		};
/* End PBXFrameworksBuildPhase section */

/* Begin PBXGroup section */
		47EB72EE2A93BEB9006E879E /* Layout-Studio-App */ = {
			isa = PBXGroup;
			children = (
				47EB73212A93C85B006E879E /* SceneDelegate.swift */,
				47EB73232A93C87A006E879E /* AppDelegate.swift */,
				47EB730E2A93BEC5006E879E /* Sources */,
				47EB73032A93BEBB006E879E /* Assets.xcassets */,
				47EB73052A93BEBB006E879E /* LaunchScreen.storyboard */,
				47EB73082A93BEBB006E879E /* Info.plist */,
				47EB72F82A93BEB9006E879E /* Products */,
			);
			path = "Layout-Studio-App";
			sourceTree = "<group>";
		};
		47EB72F82A93BEB9006E879E /* Products */ = {
			isa = PBXGroup;
			children = (
				47EB72F72A93BEB9006E879E /* Layout-Studio-App.app */,
			);
			name = Products;
			sourceTree = "<group>";
		};
		47EB730E2A93BEC5006E879E /* Sources */ = {
			isa = PBXGroup;
			children = (
				47EB73252A93C97E006E879E /* LayoutBuilder.swift */,
				47EB73332A93FCE5006E879E /* ViewController.swift */,
				47EB73272A93C97E006E879E /* CustomCell.swift */,
				47EB73292A93C97E006E879E /* CustomSectionDecorationView.swift */,
				47EB73282A93C97E006E879E /* CustomSupplementaryView.swift */,
			);
			path = Sources;
			sourceTree = "<group>";
		};
/* End PBXGroup section */

/* Begin PBXNativeTarget section */
		47EB72F62A93BEB9006E879E /* Layout Studio App */ = {
			isa = PBXNativeTarget;
			buildConfigurationList = 47EB730B2A93BEBB006E879E /* Build configuration list for PBXNativeTarget "Layout Studio App" */;
			buildPhases = (
				47EB72F32A93BEB9006E879E /* Sources */,
				47EB72F42A93BEB9006E879E /* Frameworks */,
				47EB72F52A93BEB9006E879E /* Resources */,
			);
			buildRules = (
			);
			dependencies = (
			);
			name = "Layout Studio App";
			productName = "Layout Studio App";
			productReference = 47EB72F72A93BEB9006E879E /* Layout-Studio-App.app */;
			productType = "com.apple.product-type.application";
		};
/* End PBXNativeTarget section */

/* Begin PBXProject section */
		47EB72EF2A93BEB9006E879E /* Project object */ = {
			isa = PBXProject;
			attributes = {
				BuildIndependentTargetsInParallel = 1;
				LastSwiftUpdateCheck = 1430;
				LastUpgradeCheck = 1430;
				TargetAttributes = {
					47EB72F62A93BEB9006E879E = {
						CreatedOnToolsVersion = 14.3.1;
					};
				};
			};
			buildConfigurationList = 47EB72F22A93BEB9006E879E /* Build configuration list for PBXProject "Layout Studio App" */;
			compatibilityVersion = "Xcode 14.0";
			developmentRegion = en;
			hasScannedForEncodings = 0;
			knownRegions = (
				en,
				Base,
			);
			mainGroup = 47EB72EE2A93BEB9006E879E /* Layout-Studio-App */;
			productRefGroup = 47EB72F82A93BEB9006E879E /* Products */;
			projectDirPath = "";
			projectRoot = "";
			targets = (
				47EB72F62A93BEB9006E879E /* Layout Studio App */,
			);
		};
/* End PBXProject section */

/* Begin PBXResourcesBuildPhase section */
		47EB72F52A93BEB9006E879E /* Resources */ = {
			isa = PBXResourcesBuildPhase;
			buildActionMask = 2147483647;
			files = (
				47EB73072A93BEBB006E879E /* LaunchScreen.storyboard in Resources */,
				47EB73042A93BEBB006E879E /* Assets.xcassets in Resources */,
			);
			runOnlyForDeploymentPostprocessing = 0;
		};
/* End PBXResourcesBuildPhase section */

/* Begin PBXSourcesBuildPhase section */
		47EB72F32A93BEB9006E879E /* Sources */ = {
			isa = PBXSourcesBuildPhase;
			buildActionMask = 2147483647;
			files = (
				47EB73242A93C87A006E879E /* AppDelegate.swift in Sources */,
				47EB73222A93C85B006E879E /* SceneDelegate.swift in Sources */,
				47EB732D2A93C97E006E879E /* CustomSupplementaryView.swift in Sources */,
				47EB732E2A93C97E006E879E /* CustomSectionDecorationView.swift in Sources */,
				47EB73342A93FCE5006E879E /* ViewController.swift in Sources */,
				47EB732C2A93C97E006E879E /* CustomCell.swift in Sources */,
				47EB732A2A93C97E006E879E /* LayoutBuilder.swift in Sources */,
			);
			runOnlyForDeploymentPostprocessing = 0;
		};
/* End PBXSourcesBuildPhase section */

/* Begin PBXVariantGroup section */
		47EB73052A93BEBB006E879E /* LaunchScreen.storyboard */ = {
			isa = PBXVariantGroup;
			children = (
				47EB73062A93BEBB006E879E /* Base */,
			);
			name = LaunchScreen.storyboard;
			sourceTree = "<group>";
		};
/* End PBXVariantGroup section */

/* Begin XCBuildConfiguration section */
		47EB73092A93BEBB006E879E /* Debug */ = {
			isa = XCBuildConfiguration;
			buildSettings = {
				ALWAYS_SEARCH_USER_PATHS = NO;
				CLANG_ANALYZER_NONNULL = YES;
				CLANG_ANALYZER_NUMBER_OBJECT_CONVERSION = YES_AGGRESSIVE;
				CLANG_CXX_LANGUAGE_STANDARD = "gnu++20";
				CLANG_ENABLE_MODULES = YES;
				CLANG_ENABLE_OBJC_ARC = YES;
				CLANG_ENABLE_OBJC_WEAK = YES;
				CLANG_WARN_BLOCK_CAPTURE_AUTORELEASING = YES;
				CLANG_WARN_BOOL_CONVERSION = YES;
				CLANG_WARN_COMMA = YES;
				CLANG_WARN_CONSTANT_CONVERSION = YES;
				CLANG_WARN_DEPRECATED_OBJC_IMPLEMENTATIONS = YES;
				CLANG_WARN_DIRECT_OBJC_ISA_USAGE = YES_ERROR;
				CLANG_WARN_DOCUMENTATION_COMMENTS = YES;
				CLANG_WARN_EMPTY_BODY = YES;
				CLANG_WARN_ENUM_CONVERSION = YES;
				CLANG_WARN_INFINITE_RECURSION = YES;
				CLANG_WARN_INT_CONVERSION = YES;
				CLANG_WARN_NON_LITERAL_NULL_CONVERSION = YES;
				CLANG_WARN_OBJC_IMPLICIT_RETAIN_SELF = YES;
				CLANG_WARN_OBJC_LITERAL_CONVERSION = YES;
				CLANG_WARN_OBJC_ROOT_CLASS = YES_ERROR;
				CLANG_WARN_QUOTED_INCLUDE_IN_FRAMEWORK_HEADER = YES;
				CLANG_WARN_RANGE_LOOP_ANALYSIS = YES;
				CLANG_WARN_STRICT_PROTOTYPES = YES;
				CLANG_WARN_SUSPICIOUS_MOVE = YES;
				CLANG_WARN_UNGUARDED_AVAILABILITY = YES_AGGRESSIVE;
				CLANG_WARN_UNREACHABLE_CODE = YES;
				CLANG_WARN__DUPLICATE_METHOD_MATCH = YES;
				COPY_PHASE_STRIP = NO;
				DEBUG_INFORMATION_FORMAT = dwarf;
				ENABLE_STRICT_OBJC_MSGSEND = YES;
				ENABLE_TESTABILITY = YES;
				GCC_C_LANGUAGE_STANDARD = gnu11;
				GCC_DYNAMIC_NO_PIC = NO;
				GCC_NO_COMMON_BLOCKS = YES;
				GCC_OPTIMIZATION_LEVEL = 0;
				GCC_PREPROCESSOR_DEFINITIONS = (
					"DEBUG=1",
					"$(inherited)",
				);
				GCC_WARN_64_TO_32_BIT_CONVERSION = YES;
				GCC_WARN_ABOUT_RETURN_TYPE = YES_ERROR;
				GCC_WARN_UNDECLARED_SELECTOR = YES;
				GCC_WARN_UNINITIALIZED_AUTOS = YES_AGGRESSIVE;
				GCC_WARN_UNUSED_FUNCTION = YES;
				GCC_WARN_UNUSED_VARIABLE = YES;
				IPHONEOS_DEPLOYMENT_TARGET = 16.4;
				MTL_ENABLE_DEBUG_INFO = INCLUDE_SOURCE;
				MTL_FAST_MATH = YES;
				ONLY_ACTIVE_ARCH = YES;
				SDKROOT = iphoneos;
				SWIFT_ACTIVE_COMPILATION_CONDITIONS = DEBUG;
				SWIFT_OPTIMIZATION_LEVEL = "-Onone";
			};
			name = Debug;
		};
		47EB730A2A93BEBB006E879E /* Release */ = {
			isa = XCBuildConfiguration;
			buildSettings = {
				ALWAYS_SEARCH_USER_PATHS = NO;
				CLANG_ANALYZER_NONNULL = YES;
				CLANG_ANALYZER_NUMBER_OBJECT_CONVERSION = YES_AGGRESSIVE;
				CLANG_CXX_LANGUAGE_STANDARD = "gnu++20";
				CLANG_ENABLE_MODULES = YES;
				CLANG_ENABLE_OBJC_ARC = YES;
				CLANG_ENABLE_OBJC_WEAK = YES;
				CLANG_WARN_BLOCK_CAPTURE_AUTORELEASING = YES;
				CLANG_WARN_BOOL_CONVERSION = YES;
				CLANG_WARN_COMMA = YES;
				CLANG_WARN_CONSTANT_CONVERSION = YES;
				CLANG_WARN_DEPRECATED_OBJC_IMPLEMENTATIONS = YES;
				CLANG_WARN_DIRECT_OBJC_ISA_USAGE = YES_ERROR;
				CLANG_WARN_DOCUMENTATION_COMMENTS = YES;
				CLANG_WARN_EMPTY_BODY = YES;
				CLANG_WARN_ENUM_CONVERSION = YES;
				CLANG_WARN_INFINITE_RECURSION = YES;
				CLANG_WARN_INT_CONVERSION = YES;
				CLANG_WARN_NON_LITERAL_NULL_CONVERSION = YES;
				CLANG_WARN_OBJC_IMPLICIT_RETAIN_SELF = YES;
				CLANG_WARN_OBJC_LITERAL_CONVERSION = YES;
				CLANG_WARN_OBJC_ROOT_CLASS = YES_ERROR;
				CLANG_WARN_QUOTED_INCLUDE_IN_FRAMEWORK_HEADER = YES;
				CLANG_WARN_RANGE_LOOP_ANALYSIS = YES;
				CLANG_WARN_STRICT_PROTOTYPES = YES;
				CLANG_WARN_SUSPICIOUS_MOVE = YES;
				CLANG_WARN_UNGUARDED_AVAILABILITY = YES_AGGRESSIVE;
				CLANG_WARN_UNREACHABLE_CODE = YES;
				CLANG_WARN__DUPLICATE_METHOD_MATCH = YES;
				COPY_PHASE_STRIP = NO;
				DEBUG_INFORMATION_FORMAT = "dwarf-with-dsym";
				ENABLE_NS_ASSERTIONS = NO;
				ENABLE_STRICT_OBJC_MSGSEND = YES;
				GCC_C_LANGUAGE_STANDARD = gnu11;
				GCC_NO_COMMON_BLOCKS = YES;
				GCC_WARN_64_TO_32_BIT_CONVERSION = YES;
				GCC_WARN_ABOUT_RETURN_TYPE = YES_ERROR;
				GCC_WARN_UNDECLARED_SELECTOR = YES;
				GCC_WARN_UNINITIALIZED_AUTOS = YES_AGGRESSIVE;
				GCC_WARN_UNUSED_FUNCTION = YES;
				GCC_WARN_UNUSED_VARIABLE = YES;
				IPHONEOS_DEPLOYMENT_TARGET = 16.4;
				MTL_ENABLE_DEBUG_INFO = NO;
				MTL_FAST_MATH = YES;
				SDKROOT = iphoneos;
				SWIFT_COMPILATION_MODE = wholemodule;
				SWIFT_OPTIMIZATION_LEVEL = "-O";
				VALIDATE_PRODUCT = YES;
			};
			name = Release;
		};
		47EB730C2A93BEBB006E879E /* Debug */ = {
			isa = XCBuildConfiguration;
			buildSettings = {
				ASSETCATALOG_COMPILER_APPICON_NAME = AppIcon;
				ASSETCATALOG_COMPILER_GLOBAL_ACCENT_COLOR_NAME = AccentColor;
				CODE_SIGN_STYLE = Automatic;
				CURRENT_PROJECT_VERSION = 1;
				GENERATE_INFOPLIST_FILE = YES;
				INFOPLIST_FILE = "Layout-Studio-App/Info.plist";
				INFOPLIST_KEY_CFBundleDisplayName = "LS App";
				INFOPLIST_KEY_UIApplicationSupportsIndirectInputEvents = YES;
				INFOPLIST_KEY_UILaunchStoryboardName = LaunchScreen;
				INFOPLIST_KEY_UISupportedInterfaceOrientations_iPad = "UIInterfaceOrientationPortrait UIInterfaceOrientationPortraitUpsideDown UIInterfaceOrientationLandscapeLeft UIInterfaceOrientationLandscapeRight";
				INFOPLIST_KEY_UISupportedInterfaceOrientations_iPhone = "UIInterfaceOrientationPortrait UIInterfaceOrientationLandscapeLeft UIInterfaceOrientationLandscapeRight";
				LD_RUNPATH_SEARCH_PATHS = (
					"$(inherited)",
					"@executable_path/Frameworks",
				);
				MARKETING_VERSION = 1.0;
				PRODUCT_BUNDLE_IDENTIFIER = "io.awal.layout-studio.Layout-Studio-App";
				PRODUCT_NAME = "$(TARGET_NAME)";
				SWIFT_EMIT_LOC_STRINGS = YES;
				SWIFT_VERSION = 5.0;
				TARGETED_DEVICE_FAMILY = "1,2";
			};
			name = Debug;
		};
		47EB730D2A93BEBB006E879E /* Release */ = {
			isa = XCBuildConfiguration;
			buildSettings = {
				ASSETCATALOG_COMPILER_APPICON_NAME = AppIcon;
				ASSETCATALOG_COMPILER_GLOBAL_ACCENT_COLOR_NAME = AccentColor;
				CODE_SIGN_STYLE = Automatic;
				CURRENT_PROJECT_VERSION = 1;
				GENERATE_INFOPLIST_FILE = YES;
				INFOPLIST_FILE = "Layout-Studio-App/Info.plist";
				INFOPLIST_KEY_CFBundleDisplayName = "LS App";
				INFOPLIST_KEY_UIApplicationSupportsIndirectInputEvents = YES;
				INFOPLIST_KEY_UILaunchStoryboardName = LaunchScreen;
				INFOPLIST_KEY_UISupportedInterfaceOrientations_iPad = "UIInterfaceOrientationPortrait UIInterfaceOrientationPortraitUpsideDown UIInterfaceOrientationLandscapeLeft UIInterfaceOrientationLandscapeRight";
				INFOPLIST_KEY_UISupportedInterfaceOrientations_iPhone = "UIInterfaceOrientationPortrait UIInterfaceOrientationLandscapeLeft UIInterfaceOrientationLandscapeRight";
				LD_RUNPATH_SEARCH_PATHS = (
					"$(inherited)",
					"@executable_path/Frameworks",
				);
				MARKETING_VERSION = 1.0;
				PRODUCT_BUNDLE_IDENTIFIER = "io.awal.layout-studio.Layout-Studio-App";
				PRODUCT_NAME = "$(TARGET_NAME)";
				SWIFT_EMIT_LOC_STRINGS = YES;
				SWIFT_VERSION = 5.0;
				TARGETED_DEVICE_FAMILY = "1,2";
			};
			name = Release;
		};
/* End XCBuildConfiguration section */

/* Begin XCConfigurationList section */
		47EB72F22A93BEB9006E879E /* Build configuration list for PBXProject "Layout Studio App" */ = {
			isa = XCConfigurationList;
			buildConfigurations = (
				47EB73092A93BEBB006E879E /* Debug */,
				47EB730A2A93BEBB006E879E /* Release */,
			);
			defaultConfigurationIsVisible = 0;
			defaultConfigurationName = Release;
		};
		47EB730B2A93BEBB006E879E /* Build configuration list for PBXNativeTarget "Layout Studio App" */ = {
			isa = XCConfigurationList;
			buildConfigurations = (
				47EB730C2A93BEBB006E879E /* Debug */,
				47EB730D2A93BEBB006E879E /* Release */,
			);
			defaultConfigurationIsVisible = 0;
			defaultConfigurationName = Release;
		};
/* End XCConfigurationList section */
	};
	rootObject = 47EB72EF2A93BEB9006E879E /* Project object */;
}
